
Microsoft Visual Studio Solution File, Format Version 12.00
# Visual Studio Version 16
VisualStudioVersion = 16.0.29905.134
MinimumVisualStudioVersion = 10.0.40219.1
Project("{9A19103F-16F7-4668-BE54-9A1E7A4F7556}") = "Mercury.Service", "Mercury.Service\Mercury.Service.csproj", "{7A29D987-CDC8-4C4C-83F8-22EB0BB64CD5}"
EndProject
Project("{2150E333-8FDC-42A3-9474-1A3956D46DE8}") = "Solution Items", "Solution Items", "{90315CF2-4CFA-434A-8CD2-877AC0827527}"
	ProjectSection(SolutionItems) = preProject
		.editorconfig = .editorconfig
		stylecop.ruleset = stylecop.ruleset
	EndProjectSection
EndProject
Project("{9A19103F-16F7-4668-BE54-9A1E7A4F7556}") = "Mercury.Core", "Mercury.Core\Mercury.Core.csproj", "{8E4F06F4-00EB-4890-A09E-1C7648880608}"
EndProject
Project("{9A19103F-16F7-4668-BE54-9A1E7A4F7556}") = "Mercury.Models", "Mercury.Models\Mercury.Models.csproj", "{5922FC8A-8F07-4263-B56D-BE39CA6152F6}"
EndProject
Project("{9A19103F-16F7-4668-BE54-9A1E7A4F7556}") = "Mercury.Messaging", "Mercury.Messaging\Mercury.Messaging.csproj", "{6B118113-7DFD-4DBC-944B-F69225D107AE}"
EndProject
Project("{FAE04EC0-301F-11D3-BF4B-00C04F79EFBC}") = "Mercury.Utils", "Mercury.Utils\Mercury.Utils.csproj", "{2FF77C7A-DA23-4243-BBE0-D92204FB5DF3}"
EndProject
Global
	GlobalSection(SolutionConfigurationPlatforms) = preSolution
		Debug|Any CPU = Debug|Any CPU
		Release|Any CPU = Release|Any CPU
	EndGlobalSection
	GlobalSection(ProjectConfigurationPlatforms) = postSolution
		{7A29D987-CDC8-4C4C-83F8-22EB0BB64CD5}.Debug|Any CPU.ActiveCfg = Debug|Any CPU
		{7A29D987-CDC8-4C4C-83F8-22EB0BB64CD5}.Debug|Any CPU.Build.0 = Debug|Any CPU
		{7A29D987-CDC8-4C4C-83F8-22EB0BB64CD5}.Release|Any CPU.ActiveCfg = Release|Any CPU
		{7A29D987-CDC8-4C4C-83F8-22EB0BB64CD5}.Release|Any CPU.Build.0 = Release|Any CPU
		{8E4F06F4-00EB-4890-A09E-1C7648880608}.Debug|Any CPU.ActiveCfg = Debug|Any CPU
		{8E4F06F4-00EB-4890-A09E-1C7648880608}.Debug|Any CPU.Build.0 = Debug|Any CPU
		{8E4F06F4-00EB-4890-A09E-1C7648880608}.Release|Any CPU.ActiveCfg = Release|Any CPU
		{8E4F06F4-00EB-4890-A09E-1C7648880608}.Release|Any CPU.Build.0 = Release|Any CPU
		{5922FC8A-8F07-4263-B56D-BE39CA6152F6}.Debug|Any CPU.ActiveCfg = Debug|Any CPU
		{5922FC8A-8F07-4263-B56D-BE39CA6152F6}.Debug|Any CPU.Build.0 = Debug|Any CPU
		{5922FC8A-8F07-4263-B56D-BE39CA6152F6}.Release|Any CPU.ActiveCfg = Release|Any CPU
		{5922FC8A-8F07-4263-B56D-BE39CA6152F6}.Release|Any CPU.Build.0 = Release|Any CPU
		{6B118113-7DFD-4DBC-944B-F69225D107AE}.Debug|Any CPU.ActiveCfg = Debug|Any CPU
		{6B118113-7DFD-4DBC-944B-F69225D107AE}.Debug|Any CPU.Build.0 = Debug|Any CPU
		{6B118113-7DFD-4DBC-944B-F69225D107AE}.Release|Any CPU.ActiveCfg = Release|Any CPU
		{6B118113-7DFD-4DBC-944B-F69225D107AE}.Release|Any CPU.Build.0 = Release|Any CPU
		{2FF77C7A-DA23-4243-BBE0-D92204FB5DF3}.Debug|Any CPU.ActiveCfg = Debug|Any CPU
		{2FF77C7A-DA23-4243-BBE0-D92204FB5DF3}.Debug|Any CPU.Build.0 = Debug|Any CPU
		{2FF77C7A-DA23-4243-BBE0-D92204FB5DF3}.Release|Any CPU.ActiveCfg = Release|Any CPU
		{2FF77C7A-DA23-4243-BBE0-D92204FB5DF3}.Release|Any CPU.Build.0 = Release|Any CPU
	EndGlobalSection
	GlobalSection(SolutionProperties) = preSolution
		HideSolutionNode = FALSE
	EndGlobalSection
	GlobalSection(ExtensibilityGlobals) = postSolution
		SolutionGuid = {B9E0D215-6DF4-4379-8831-32EA8B3AA519}
	EndGlobalSection
EndGlobal
